// !$*UTF8*$!
{
	archiveVersion = 1;
	classes = {
	};
	objectVersion = 46;
	objects = {

/* Begin PBXBuildFile section */
		1F34E25B1AAF1B8B002CC12B /* DNDActionArrow.swift in Sources */ = {isa = PBXBuildFile; fileRef = 1F34E25A1AAF1B8B002CC12B /* DNDActionArrow.swift */; };
		1F58E3701AA20864001CF7CA /* DNDColors.swift in Sources */ = {isa = PBXBuildFile; fileRef = 1F58E36F1AA20864001CF7CA /* DNDColors.swift */; };
		1F58E3741AA20B66001CF7CA /* DNDTaskView.swift in Sources */ = {isa = PBXBuildFile; fileRef = 1F58E3731AA20B66001CF7CA /* DNDTaskView.swift */; };
		1F6FE0FF1AA0B5BD00036974 /* AppDelegate.swift in Sources */ = {isa = PBXBuildFile; fileRef = 1F6FE0FE1AA0B5BD00036974 /* AppDelegate.swift */; };
		1F6FE1041AA0B5BD00036974 /* Main.storyboard in Resources */ = {isa = PBXBuildFile; fileRef = 1F6FE1021AA0B5BD00036974 /* Main.storyboard */; };
		1F6FE1061AA0B5BD00036974 /* Images.xcassets in Resources */ = {isa = PBXBuildFile; fileRef = 1F6FE1051AA0B5BD00036974 /* Images.xcassets */; };
		1F6FE1091AA0B5BD00036974 /* LaunchScreen.xib in Resources */ = {isa = PBXBuildFile; fileRef = 1F6FE1071AA0B5BD00036974 /* LaunchScreen.xib */; };
		1F6FE1151AA0B5BD00036974 /* Drag_And_DoneTests.swift in Sources */ = {isa = PBXBuildFile; fileRef = 1F6FE1141AA0B5BD00036974 /* Drag_And_DoneTests.swift */; };
		1F6FE11F1AA0B5EA00036974 /* DragAndDoneMainViewController.swift in Sources */ = {isa = PBXBuildFile; fileRef = 1F6FE11E1AA0B5EA00036974 /* DragAndDoneMainViewController.swift */; };
		1F6FE1211AA0B77000036974 /* DNDTaskHandler.swift in Sources */ = {isa = PBXBuildFile; fileRef = 1F6FE1201AA0B77000036974 /* DNDTaskHandler.swift */; };
		1FC8C3D51ABCA9EC0089543D /* DNDCreateFolderViewController.swift in Sources */ = {isa = PBXBuildFile; fileRef = 1FC8C3D41ABCA9EC0089543D /* DNDCreateFolderViewController.swift */; };
		1FC8C3D71ABCBA620089543D /* DNDStatsViewController.swift in Sources */ = {isa = PBXBuildFile; fileRef = 1FC8C3D61ABCBA620089543D /* DNDStatsViewController.swift */; };
		1FC8C3D91ABDF7330089543D /* mem.png in Resources */ = {isa = PBXBuildFile; fileRef = 1FC8C3D81ABDF7330089543D /* mem.png */; };
		1FC8C3DB1ABE02340089543D /* DNDCreateTaskViewController.swift in Sources */ = {isa = PBXBuildFile; fileRef = 1FC8C3DA1ABE02340089543D /* DNDCreateTaskViewController.swift */; };
		1FE792CB1AB8D33B0089A247 /* CameraBlack.png in Resources */ = {isa = PBXBuildFile; fileRef = 1FE792CA1AB8D33B0089A247 /* CameraBlack.png */; };
		1FE792CD1ABAE6AF0089A247 /* DNDDotsView.swift in Sources */ = {isa = PBXBuildFile; fileRef = 1FE792CC1ABAE6AF0089A247 /* DNDDotsView.swift */; };
		1FFAA4C11AA4F749004FB813 /* Extensions.swift in Sources */ = {isa = PBXBuildFile; fileRef = 1FFAA4C01AA4F749004FB813 /* Extensions.swift */; };
		1FFAA4C51AA8D319004FB813 /* Placeholder.swift in Sources */ = {isa = PBXBuildFile; fileRef = 1FFAA4C41AA8D319004FB813 /* Placeholder.swift */; };
		C05FBAC31AB8971B00F66A45 /* IOSIcons.swift in Sources */ = {isa = PBXBuildFile; fileRef = C05FBAC21AB8971B00F66A45 /* IOSIcons.swift */; };
		C07AA1F31AB5CE970012AC52 /* FreakoColors.swift in Sources */ = {isa = PBXBuildFile; fileRef = C07AA1F21AB5CE970012AC52 /* FreakoColors.swift */; };
		C0BA22F51AB8C3AD00C8981E /* DNDEditTaskHandler.swift in Sources */ = {isa = PBXBuildFile; fileRef = C0BA22F41AB8C3AD00C8981E /* DNDEditTaskHandler.swift */; };
/* End PBXBuildFile section */

/* Begin PBXContainerItemProxy section */
		1F6FE10F1AA0B5BD00036974 /* PBXContainerItemProxy */ = {
			isa = PBXContainerItemProxy;
			containerPortal = 1F6FE0F11AA0B5BD00036974 /* Project object */;
			proxyType = 1;
			remoteGlobalIDString = 1F6FE0F81AA0B5BD00036974;
			remoteInfo = "Drag And Done";
		};
/* End PBXContainerItemProxy section */

/* Begin PBXFileReference section */
		1F34E25A1AAF1B8B002CC12B /* DNDActionArrow.swift */ = {isa = PBXFileReference; fileEncoding = 4; lastKnownFileType = sourcecode.swift; path = DNDActionArrow.swift; sourceTree = "<group>"; };
		1F58E36F1AA20864001CF7CA /* DNDColors.swift */ = {isa = PBXFileReference; fileEncoding = 4; lastKnownFileType = sourcecode.swift; path = DNDColors.swift; sourceTree = "<group>"; };
		1F58E3731AA20B66001CF7CA /* DNDTaskView.swift */ = {isa = PBXFileReference; fileEncoding = 4; lastKnownFileType = sourcecode.swift; path = DNDTaskView.swift; sourceTree = "<group>"; };
		1F6FE0F91AA0B5BD00036974 /* Drag And Done.app */ = {isa = PBXFileReference; explicitFileType = wrapper.application; includeInIndex = 0; path = "Drag And Done.app"; sourceTree = BUILT_PRODUCTS_DIR; };
		1F6FE0FD1AA0B5BD00036974 /* Info.plist */ = {isa = PBXFileReference; lastKnownFileType = text.plist.xml; path = Info.plist; sourceTree = "<group>"; };
		1F6FE0FE1AA0B5BD00036974 /* AppDelegate.swift */ = {isa = PBXFileReference; lastKnownFileType = sourcecode.swift; path = AppDelegate.swift; sourceTree = "<group>"; };
		1F6FE1031AA0B5BD00036974 /* Base */ = {isa = PBXFileReference; lastKnownFileType = file.storyboard; name = Base; path = Base.lproj/Main.storyboard; sourceTree = "<group>"; };
		1F6FE1051AA0B5BD00036974 /* Images.xcassets */ = {isa = PBXFileReference; lastKnownFileType = folder.assetcatalog; path = Images.xcassets; sourceTree = "<group>"; };
		1F6FE1081AA0B5BD00036974 /* Base */ = {isa = PBXFileReference; lastKnownFileType = file.xib; name = Base; path = Base.lproj/LaunchScreen.xib; sourceTree = "<group>"; };
		1F6FE10E1AA0B5BD00036974 /* Drag And DoneTests.xctest */ = {isa = PBXFileReference; explicitFileType = wrapper.cfbundle; includeInIndex = 0; path = "Drag And DoneTests.xctest"; sourceTree = BUILT_PRODUCTS_DIR; };
		1F6FE1131AA0B5BD00036974 /* Info.plist */ = {isa = PBXFileReference; lastKnownFileType = text.plist.xml; path = Info.plist; sourceTree = "<group>"; };
		1F6FE1141AA0B5BD00036974 /* Drag_And_DoneTests.swift */ = {isa = PBXFileReference; lastKnownFileType = sourcecode.swift; path = Drag_And_DoneTests.swift; sourceTree = "<group>"; };
		1F6FE11E1AA0B5EA00036974 /* DragAndDoneMainViewController.swift */ = {isa = PBXFileReference; fileEncoding = 4; lastKnownFileType = sourcecode.swift; path = DragAndDoneMainViewController.swift; sourceTree = "<group>"; };
		1F6FE1201AA0B77000036974 /* DNDTaskHandler.swift */ = {isa = PBXFileReference; fileEncoding = 4; lastKnownFileType = sourcecode.swift; path = DNDTaskHandler.swift; sourceTree = "<group>"; };
		1FC8C3D41ABCA9EC0089543D /* DNDCreateFolderViewController.swift */ = {isa = PBXFileReference; fileEncoding = 4; lastKnownFileType = sourcecode.swift; path = DNDCreateFolderViewController.swift; sourceTree = "<group>"; };
		1FC8C3D61ABCBA620089543D /* DNDStatsViewController.swift */ = {isa = PBXFileReference; fileEncoding = 4; lastKnownFileType = sourcecode.swift; path = DNDStatsViewController.swift; sourceTree = "<group>"; };
		1FC8C3D81ABDF7330089543D /* mem.png */ = {isa = PBXFileReference; lastKnownFileType = image.png; path = mem.png; sourceTree = "<group>"; };
		1FC8C3DA1ABE02340089543D /* DNDCreateTaskViewController.swift */ = {isa = PBXFileReference; fileEncoding = 4; lastKnownFileType = sourcecode.swift; path = DNDCreateTaskViewController.swift; sourceTree = "<group>"; };
		1FE792CA1AB8D33B0089A247 /* CameraBlack.png */ = {isa = PBXFileReference; lastKnownFileType = image.png; path = CameraBlack.png; sourceTree = "<group>"; };
		1FE792CC1ABAE6AF0089A247 /* DNDDotsView.swift */ = {isa = PBXFileReference; fileEncoding = 4; lastKnownFileType = sourcecode.swift; path = DNDDotsView.swift; sourceTree = "<group>"; };
		1FFAA4C01AA4F749004FB813 /* Extensions.swift */ = {isa = PBXFileReference; fileEncoding = 4; lastKnownFileType = sourcecode.swift; path = Extensions.swift; sourceTree = "<group>"; };
		1FFAA4C41AA8D319004FB813 /* Placeholder.swift */ = {isa = PBXFileReference; fileEncoding = 4; lastKnownFileType = sourcecode.swift; path = Placeholder.swift; sourceTree = "<group>"; };
		C05FBAC21AB8971B00F66A45 /* IOSIcons.swift */ = {isa = PBXFileReference; fileEncoding = 4; lastKnownFileType = sourcecode.swift; name = IOSIcons.swift; path = ../IOSIcons.swift; sourceTree = "<group>"; };
		C07AA1F21AB5CE970012AC52 /* FreakoColors.swift */ = {isa = PBXFileReference; fileEncoding = 4; lastKnownFileType = sourcecode.swift; name = FreakoColors.swift; path = ../FreakoColors.swift; sourceTree = "<group>"; };
		C0BA22F41AB8C3AD00C8981E /* DNDEditTaskHandler.swift */ = {isa = PBXFileReference; fileEncoding = 4; lastKnownFileType = sourcecode.swift; path = DNDEditTaskHandler.swift; sourceTree = "<group>"; };
/* End PBXFileReference section */

/* Begin PBXFrameworksBuildPhase section */
		1F6FE0F61AA0B5BD00036974 /* Frameworks */ = {
			isa = PBXFrameworksBuildPhase;
			buildActionMask = 2147483647;
			files = (
			);
			runOnlyForDeploymentPostprocessing = 0;
		};
		1F6FE10B1AA0B5BD00036974 /* Frameworks */ = {
			isa = PBXFrameworksBuildPhase;
			buildActionMask = 2147483647;
			files = (
			);
			runOnlyForDeploymentPostprocessing = 0;
		};
/* End PBXFrameworksBuildPhase section */

/* Begin PBXGroup section */
		1F6FE0F01AA0B5BD00036974 = {
			isa = PBXGroup;
			children = (
				1F6FE0FB1AA0B5BD00036974 /* Drag And Done */,
				1F6FE1111AA0B5BD00036974 /* Drag And DoneTests */,
				1F6FE0FA1AA0B5BD00036974 /* Products */,
			);
			sourceTree = "<group>";
		};
		1F6FE0FA1AA0B5BD00036974 /* Products */ = {
			isa = PBXGroup;
			children = (
				1F6FE0F91AA0B5BD00036974 /* Drag And Done.app */,
				1F6FE10E1AA0B5BD00036974 /* Drag And DoneTests.xctest */,
			);
			name = Products;
			sourceTree = "<group>";
		};
		1F6FE0FB1AA0B5BD00036974 /* Drag And Done */ = {
			isa = PBXGroup;
			children = (
				1F6FE0FE1AA0B5BD00036974 /* AppDelegate.swift */,
				1F6FE11E1AA0B5EA00036974 /* DragAndDoneMainViewController.swift */,
				1F6FE1021AA0B5BD00036974 /* Main.storyboard */,
				C0BA22F41AB8C3AD00C8981E /* DNDEditTaskHandler.swift */,
				1F6FE1201AA0B77000036974 /* DNDTaskHandler.swift */,
				1F58E36F1AA20864001CF7CA /* DNDColors.swift */,
				C07AA1F21AB5CE970012AC52 /* FreakoColors.swift */,
				C05FBAC21AB8971B00F66A45 /* IOSIcons.swift */,
				1FFAA4C41AA8D319004FB813 /* Placeholder.swift */,
				1F58E3731AA20B66001CF7CA /* DNDTaskView.swift */,
				1FFAA4C01AA4F749004FB813 /* Extensions.swift */,
				1F34E25A1AAF1B8B002CC12B /* DNDActionArrow.swift */,
				1FE792CC1ABAE6AF0089A247 /* DNDDotsView.swift */,
				1FC8C3D41ABCA9EC0089543D /* DNDCreateFolderViewController.swift */,
				1FC8C3DA1ABE02340089543D /* DNDCreateTaskViewController.swift */,
				1FC8C3D61ABCBA620089543D /* DNDStatsViewController.swift */,
				1F6FE1051AA0B5BD00036974 /* Images.xcassets */,
				1F6FE1071AA0B5BD00036974 /* LaunchScreen.xib */,
				1F6FE0FC1AA0B5BD00036974 /* Supporting Files */,
			);
			path = "Drag And Done";
			sourceTree = "<group>";
		};
		1F6FE0FC1AA0B5BD00036974 /* Supporting Files */ = {
			isa = PBXGroup;
			children = (
				1FC8C3D81ABDF7330089543D /* mem.png */,
				1FE792CA1AB8D33B0089A247 /* CameraBlack.png */,
				1F6FE0FD1AA0B5BD00036974 /* Info.plist */,
			);
			name = "Supporting Files";
			sourceTree = "<group>";
		};
		1F6FE1111AA0B5BD00036974 /* Drag And DoneTests */ = {
			isa = PBXGroup;
			children = (
				1F6FE1141AA0B5BD00036974 /* Drag_And_DoneTests.swift */,
				1F6FE1121AA0B5BD00036974 /* Supporting Files */,
			);
			path = "Drag And DoneTests";
			sourceTree = "<group>";
		};
		1F6FE1121AA0B5BD00036974 /* Supporting Files */ = {
			isa = PBXGroup;
			children = (
				1F6FE1131AA0B5BD00036974 /* Info.plist */,
			);
			name = "Supporting Files";
			sourceTree = "<group>";
		};
/* End PBXGroup section */

/* Begin PBXNativeTarget section */
		1F6FE0F81AA0B5BD00036974 /* Drag And Done */ = {
			isa = PBXNativeTarget;
			buildConfigurationList = 1F6FE1181AA0B5BD00036974 /* Build configuration list for PBXNativeTarget "Drag And Done" */;
			buildPhases = (
				1F6FE0F51AA0B5BD00036974 /* Sources */,
				1F6FE0F61AA0B5BD00036974 /* Frameworks */,
				1F6FE0F71AA0B5BD00036974 /* Resources */,
			);
			buildRules = (
			);
			dependencies = (
			);
			name = "Drag And Done";
			productName = "Drag And Done";
			productReference = 1F6FE0F91AA0B5BD00036974 /* Drag And Done.app */;
			productType = "com.apple.product-type.application";
		};
		1F6FE10D1AA0B5BD00036974 /* Drag And DoneTests */ = {
			isa = PBXNativeTarget;
			buildConfigurationList = 1F6FE11B1AA0B5BD00036974 /* Build configuration list for PBXNativeTarget "Drag And DoneTests" */;
			buildPhases = (
				1F6FE10A1AA0B5BD00036974 /* Sources */,
				1F6FE10B1AA0B5BD00036974 /* Frameworks */,
				1F6FE10C1AA0B5BD00036974 /* Resources */,
			);
			buildRules = (
			);
			dependencies = (
				1F6FE1101AA0B5BD00036974 /* PBXTargetDependency */,
			);
			name = "Drag And DoneTests";
			productName = "Drag And DoneTests";
			productReference = 1F6FE10E1AA0B5BD00036974 /* Drag And DoneTests.xctest */;
			productType = "com.apple.product-type.bundle.unit-test";
		};
/* End PBXNativeTarget section */

/* Begin PBXProject section */
		1F6FE0F11AA0B5BD00036974 /* Project object */ = {
			isa = PBXProject;
			attributes = {
				LastUpgradeCheck = 0610;
				ORGANIZATIONNAME = FreakoSoft;
				TargetAttributes = {
					1F6FE0F81AA0B5BD00036974 = {
						CreatedOnToolsVersion = 6.1.1;
					};
					1F6FE10D1AA0B5BD00036974 = {
						CreatedOnToolsVersion = 6.1.1;
						TestTargetID = 1F6FE0F81AA0B5BD00036974;
					};
				};
			};
			buildConfigurationList = 1F6FE0F41AA0B5BD00036974 /* Build configuration list for PBXProject "Drag And Done" */;
			compatibilityVersion = "Xcode 3.2";
			developmentRegion = English;
			hasScannedForEncodings = 0;
			knownRegions = (
				en,
				Base,
			);
			mainGroup = 1F6FE0F01AA0B5BD00036974;
			productRefGroup = 1F6FE0FA1AA0B5BD00036974 /* Products */;
			projectDirPath = "";
			projectRoot = "";
			targets = (
				1F6FE0F81AA0B5BD00036974 /* Drag And Done */,
				1F6FE10D1AA0B5BD00036974 /* Drag And DoneTests */,
			);
		};
/* End PBXProject section */

/* Begin PBXResourcesBuildPhase section */
		1F6FE0F71AA0B5BD00036974 /* Resources */ = {
			isa = PBXResourcesBuildPhase;
			buildActionMask = 2147483647;
			files = (
				1FE792CB1AB8D33B0089A247 /* CameraBlack.png in Resources */,
				1F6FE1041AA0B5BD00036974 /* Main.storyboard in Resources */,
				1F6FE1091AA0B5BD00036974 /* LaunchScreen.xib in Resources */,
				1F6FE1061AA0B5BD00036974 /* Images.xcassets in Resources */,
				1FC8C3D91ABDF7330089543D /* mem.png in Resources */,
			);
			runOnlyForDeploymentPostprocessing = 0;
		};
		1F6FE10C1AA0B5BD00036974 /* Resources */ = {
			isa = PBXResourcesBuildPhase;
			buildActionMask = 2147483647;
			files = (
			);
			runOnlyForDeploymentPostprocessing = 0;
		};
/* End PBXResourcesBuildPhase section */

/* Begin PBXSourcesBuildPhase section */
		1F6FE0F51AA0B5BD00036974 /* Sources */ = {
			isa = PBXSourcesBuildPhase;
			buildActionMask = 2147483647;
			files = (
				1F6FE0FF1AA0B5BD00036974 /* AppDelegate.swift in Sources */,
				1F58E3741AA20B66001CF7CA /* DNDTaskView.swift in Sources */,
				1F58E3701AA20864001CF7CA /* DNDColors.swift in Sources */,
				1FC8C3DB1ABE02340089543D /* DNDCreateTaskViewController.swift in Sources */,
				1FFAA4C11AA4F749004FB813 /* Extensions.swift in Sources */,
				1F6FE1211AA0B77000036974 /* DNDTaskHandler.swift in Sources */,
				C07AA1F31AB5CE970012AC52 /* FreakoColors.swift in Sources */,
				1FC8C3D51ABCA9EC0089543D /* DNDCreateFolderViewController.swift in Sources */,
				1FC8C3D71ABCBA620089543D /* DNDStatsViewController.swift in Sources */,
				1FE792CD1ABAE6AF0089A247 /* DNDDotsView.swift in Sources */,
				C05FBAC31AB8971B00F66A45 /* IOSIcons.swift in Sources */,
				C0BA22F51AB8C3AD00C8981E /* DNDEditTaskHandler.swift in Sources */,
				1F6FE11F1AA0B5EA00036974 /* DragAndDoneMainViewController.swift in Sources */,
				1F34E25B1AAF1B8B002CC12B /* DNDActionArrow.swift in Sources */,
				1FFAA4C51AA8D319004FB813 /* Placeholder.swift in Sources */,
			);
			runOnlyForDeploymentPostprocessing = 0;
		};
		1F6FE10A1AA0B5BD00036974 /* Sources */ = {
			isa = PBXSourcesBuildPhase;
			buildActionMask = 2147483647;
			files = (
				1F6FE1151AA0B5BD00036974 /* Drag_And_DoneTests.swift in Sources */,
			);
			runOnlyForDeploymentPostprocessing = 0;
		};
/* End PBXSourcesBuildPhase section */

/* Begin PBXTargetDependency section */
		1F6FE1101AA0B5BD00036974 /* PBXTargetDependency */ = {
			isa = PBXTargetDependency;
			target = 1F6FE0F81AA0B5BD00036974 /* Drag And Done */;
			targetProxy = 1F6FE10F1AA0B5BD00036974 /* PBXContainerItemProxy */;
		};
/* End PBXTargetDependency section */

/* Begin PBXVariantGroup section */
		1F6FE1021AA0B5BD00036974 /* Main.storyboard */ = {
			isa = PBXVariantGroup;
			children = (
				1F6FE1031AA0B5BD00036974 /* Base */,
			);
			name = Main.storyboard;
			sourceTree = "<group>";
		};
		1F6FE1071AA0B5BD00036974 /* LaunchScreen.xib */ = {
			isa = PBXVariantGroup;
			children = (
				1F6FE1081AA0B5BD00036974 /* Base */,
			);
			name = LaunchScreen.xib;
			sourceTree = "<group>";
		};
/* End PBXVariantGroup section */

/* Begin XCBuildConfiguration section */
		1F6FE1161AA0B5BD00036974 /* Debug */ = {
			isa = XCBuildConfiguration;
			buildSettings = {
				ALWAYS_SEARCH_USER_PATHS = NO;
				CLANG_CXX_LANGUAGE_STANDARD = "gnu++0x";
				CLANG_CXX_LIBRARY = "libc++";
				CLANG_ENABLE_MODULES = YES;
				CLANG_ENABLE_OBJC_ARC = YES;
				CLANG_WARN_BOOL_CONVERSION = YES;
				CLANG_WARN_CONSTANT_CONVERSION = YES;
				CLANG_WARN_DIRECT_OBJC_ISA_USAGE = YES_ERROR;
				CLANG_WARN_EMPTY_BODY = YES;
				CLANG_WARN_ENUM_CONVERSION = YES;
				CLANG_WARN_INT_CONVERSION = YES;
				CLANG_WARN_OBJC_ROOT_CLASS = YES_ERROR;
				CLANG_WARN_UNREACHABLE_CODE = YES;
				CLANG_WARN__DUPLICATE_METHOD_MATCH = YES;
				"CODE_SIGN_IDENTITY[sdk=iphoneos*]" = "iPhone Developer";
				COPY_PHASE_STRIP = NO;
				ENABLE_STRICT_OBJC_MSGSEND = YES;
				GCC_C_LANGUAGE_STANDARD = gnu99;
				GCC_DYNAMIC_NO_PIC = NO;
				GCC_OPTIMIZATION_LEVEL = 0;
				GCC_PREPROCESSOR_DEFINITIONS = (
					"DEBUG=1",
					"$(inherited)",
				);
				GCC_SYMBOLS_PRIVATE_EXTERN = NO;
				GCC_WARN_64_TO_32_BIT_CONVERSION = YES;
				GCC_WARN_ABOUT_RETURN_TYPE = YES_ERROR;
				GCC_WARN_UNDECLARED_SELECTOR = YES;
				GCC_WARN_UNINITIALIZED_AUTOS = YES_AGGRESSIVE;
				GCC_WARN_UNUSED_FUNCTION = YES;
				GCC_WARN_UNUSED_VARIABLE = YES;
				IPHONEOS_DEPLOYMENT_TARGET = 8.1;
				MTL_ENABLE_DEBUG_INFO = YES;
				ONLY_ACTIVE_ARCH = YES;
				SDKROOT = iphoneos;
				SWIFT_OPTIMIZATION_LEVEL = "-Onone";
				TARGETED_DEVICE_FAMILY = "1,2";
			};
			name = Debug;
		};
		1F6FE1171AA0B5BD00036974 /* Release */ = {
			isa = XCBuildConfiguration;
			buildSettings = {
				ALWAYS_SEARCH_USER_PATHS = NO;
				CLANG_CXX_LANGUAGE_STANDARD = "gnu++0x";
				CLANG_CXX_LIBRARY = "libc++";
				CLANG_ENABLE_MODULES = YES;
				CLANG_ENABLE_OBJC_ARC = YES;
				CLANG_WARN_BOOL_CONVERSION = YES;
				CLANG_WARN_CONSTANT_CONVERSION = YES;
				CLANG_WARN_DIRECT_OBJC_ISA_USAGE = YES_ERROR;
				CLANG_WARN_EMPTY_BODY = YES;
				CLANG_WARN_ENUM_CONVERSION = YES;
				CLANG_WARN_INT_CONVERSION = YES;
				CLANG_WARN_OBJC_ROOT_CLASS = YES_ERROR;
				CLANG_WARN_UNREACHABLE_CODE = YES;
				CLANG_WARN__DUPLICATE_METHOD_MATCH = YES;
				"CODE_SIGN_IDENTITY[sdk=iphoneos*]" = "iPhone Developer";
				COPY_PHASE_STRIP = YES;
				ENABLE_NS_ASSERTIONS = NO;
				ENABLE_STRICT_OBJC_MSGSEND = YES;
				GCC_C_LANGUAGE_STANDARD = gnu99;
				GCC_WARN_64_TO_32_BIT_CONVERSION = YES;
				GCC_WARN_ABOUT_RETURN_TYPE = YES_ERROR;
				GCC_WARN_UNDECLARED_SELECTOR = YES;
				GCC_WARN_UNINITIALIZED_AUTOS = YES_AGGRESSIVE;
				GCC_WARN_UNUSED_FUNCTION = YES;
				GCC_WARN_UNUSED_VARIABLE = YES;
				IPHONEOS_DEPLOYMENT_TARGET = 8.1;
				MTL_ENABLE_DEBUG_INFO = NO;
				SDKROOT = iphoneos;
				TARGETED_DEVICE_FAMILY = "1,2";
				VALIDATE_PRODUCT = YES;
			};
			name = Release;
		};
		1F6FE1191AA0B5BD00036974 /* Debug */ = {
			isa = XCBuildConfiguration;
			buildSettings = {
				ASSETCATALOG_COMPILER_APPICON_NAME = AppIcon;
				INFOPLIST_FILE = "Drag And Done/Info.plist";
				LD_RUNPATH_SEARCH_PATHS = "$(inherited) @executable_path/Frameworks";
				PRODUCT_NAME = "$(TARGET_NAME)";
			};
			name = Debug;
		};
		1F6FE11A1AA0B5BD00036974 /* Release */ = {
			isa = XCBuildConfiguration;
			buildSettings = {
				ASSETCATALOG_COMPILER_APPICON_NAME = AppIcon;
				INFOPLIST_FILE = "Drag And Done/Info.plist";
				LD_RUNPATH_SEARCH_PATHS = "$(inherited) @executable_path/Frameworks";
				PRODUCT_NAME = "$(TARGET_NAME)";
			};
			name = Release;
		};
		1F6FE11C1AA0B5BD00036974 /* Debug */ = {
			isa = XCBuildConfiguration;
			buildSettings = {
				BUNDLE_LOADER = "$(TEST_HOST)";
				FRAMEWORK_SEARCH_PATHS = (
					"$(SDKROOT)/Developer/Library/Frameworks",
					"$(inherited)",
				);
				GCC_PREPROCESSOR_DEFINITIONS = (
					"DEBUG=1",
					"$(inherited)",
				);
				INFOPLIST_FILE = "Drag And DoneTests/Info.plist";
				LD_RUNPATH_SEARCH_PATHS = "$(inherited) @executable_path/Frameworks @loader_path/Frameworks";
				PRODUCT_NAME = "$(TARGET_NAME)";
				TEST_HOST = "$(BUILT_PRODUCTS_DIR)/Drag And Done.app/Drag And Done";
			};
			name = Debug;
		};
		1F6FE11D1AA0B5BD00036974 /* Release */ = {
			isa = XCBuildConfiguration;
			buildSettings = {
				BUNDLE_LOADER = "$(TEST_HOST)";
				FRAMEWORK_SEARCH_PATHS = (
					"$(SDKROOT)/Developer/Library/Frameworks",
					"$(inherited)",
				);
				INFOPLIST_FILE = "Drag And DoneTests/Info.plist";
				LD_RUNPATH_SEARCH_PATHS = "$(inherited) @executable_path/Frameworks @loader_path/Frameworks";
				PRODUCT_NAME = "$(TARGET_NAME)";
				TEST_HOST = "$(BUILT_PRODUCTS_DIR)/Drag And Done.app/Drag And Done";
			};
			name = Release;
		};
/* End XCBuildConfiguration section */

/* Begin XCConfigurationList section */
		1F6FE0F41AA0B5BD00036974 /* Build configuration list for PBXProject "Drag And Done" */ = {
			isa = XCConfigurationList;
			buildConfigurations = (
				1F6FE1161AA0B5BD00036974 /* Debug */,
				1F6FE1171AA0B5BD00036974 /* Release */,
			);
			defaultConfigurationIsVisible = 0;
			defaultConfigurationName = Release;
		};
		1F6FE1181AA0B5BD00036974 /* Build configuration list for PBXNativeTarget "Drag And Done" */ = {
			isa = XCConfigurationList;
			buildConfigurations = (
				1F6FE1191AA0B5BD00036974 /* Debug */,
				1F6FE11A1AA0B5BD00036974 /* Release */,
			);
			defaultConfigurationIsVisible = 0;
			defaultConfigurationName = Release;
		};
		1F6FE11B1AA0B5BD00036974 /* Build configuration list for PBXNativeTarget "Drag And DoneTests" */ = {
			isa = XCConfigurationList;
			buildConfigurations = (
				1F6FE11C1AA0B5BD00036974 /* Debug */,
				1F6FE11D1AA0B5BD00036974 /* Release */,
			);
			defaultConfigurationIsVisible = 0;
			defaultConfigurationName = Release;
		};
/* End XCConfigurationList section */
	};
	rootObject = 1F6FE0F11AA0B5BD00036974 /* Project object */;
}
